
Microsoft Visual Studio Solution File, Format Version 12.00
# Visual Studio Version 17
VisualStudioVersion = 17.7.34024.191
MinimumVisualStudioVersion = 10.0.40219.1
Project("{9A19103F-16F7-4668-BE54-9A1E7A4F7556}") = "SortowanieprzezMin", "ConsoleApp3\SortowanieprzezMin.csproj", "{A573C2E2-18B5-4446-99E9-CE7469C809F8}"
EndProject
Project("{9A19103F-16F7-4668-BE54-9A1E7A4F7556}") = "Wartownik", "ConsoleApp1\Wartownik.csproj", "{A45612C7-D982-47AF-88BD-DFE4B7EECE49}"
EndProject
Project("{9A19103F-16F7-4668-BE54-9A1E7A4F7556}") = "SitoErastotenesa", "SitoErastotenesa\SitoErastotenesa.csproj", "{1B37B1A5-695C-4EC1-8095-838937562838}"
EndProject
Project("{9A19103F-16F7-4668-BE54-9A1E7A4F7556}") = "formsy", "formsy\formsy.csproj", "{38EFCC41-59E0-4F10-867E-818A78E4908D}"
EndProject
Project("{9A19103F-16F7-4668-BE54-9A1E7A4F7556}") = "ConsoleApp2", "ConsoleApp2\ConsoleApp2.csproj", "{EBC73D8E-B2ED-4447-A700-776BE23E51F1}"
EndProject
Project("{9A19103F-16F7-4668-BE54-9A1E7A4F7556}") = "formsy 2", "formsy 2\formsy 2.csproj", "{F67E3AE7-A562-42A6-B12A-C1B3E9B78D51}"
EndProject
Project("{FAE04EC0-301F-11D3-BF4B-00C04F79EFBC}") = "BubbleSort", "BubbleSort\BubbleSort.csproj", "{95EA4848-E1EB-4FD4-AB8B-D07D9457E582}"
EndProject
Global
	GlobalSection(SolutionConfigurationPlatforms) = preSolution
		Debug|Any CPU = Debug|Any CPU
		Release|Any CPU = Release|Any CPU
	EndGlobalSection
	GlobalSection(ProjectConfigurationPlatforms) = postSolution
		{A573C2E2-18B5-4446-99E9-CE7469C809F8}.Debug|Any CPU.ActiveCfg = Debug|Any CPU
		{A573C2E2-18B5-4446-99E9-CE7469C809F8}.Debug|Any CPU.Build.0 = Debug|Any CPU
		{A573C2E2-18B5-4446-99E9-CE7469C809F8}.Release|Any CPU.ActiveCfg = Release|Any CPU
		{A573C2E2-18B5-4446-99E9-CE7469C809F8}.Release|Any CPU.Build.0 = Release|Any CPU
		{A45612C7-D982-47AF-88BD-DFE4B7EECE49}.Debug|Any CPU.ActiveCfg = Debug|Any CPU
		{A45612C7-D982-47AF-88BD-DFE4B7EECE49}.Debug|Any CPU.Build.0 = Debug|Any CPU
		{A45612C7-D982-47AF-88BD-DFE4B7EECE49}.Release|Any CPU.ActiveCfg = Release|Any CPU
		{A45612C7-D982-47AF-88BD-DFE4B7EECE49}.Release|Any CPU.Build.0 = Release|Any CPU
		{1B37B1A5-695C-4EC1-8095-838937562838}.Debug|Any CPU.ActiveCfg = Debug|Any CPU
		{1B37B1A5-695C-4EC1-8095-838937562838}.Debug|Any CPU.Build.0 = Debug|Any CPU
		{1B37B1A5-695C-4EC1-8095-838937562838}.Release|Any CPU.ActiveCfg = Release|Any CPU
		{1B37B1A5-695C-4EC1-8095-838937562838}.Release|Any CPU.Build.0 = Release|Any CPU
		{38EFCC41-59E0-4F10-867E-818A78E4908D}.Debug|Any CPU.ActiveCfg = Debug|Any CPU
		{38EFCC41-59E0-4F10-867E-818A78E4908D}.Debug|Any CPU.Build.0 = Debug|Any CPU
		{38EFCC41-59E0-4F10-867E-818A78E4908D}.Release|Any CPU.ActiveCfg = Release|Any CPU
		{38EFCC41-59E0-4F10-867E-818A78E4908D}.Release|Any CPU.Build.0 = Release|Any CPU
		{EBC73D8E-B2ED-4447-A700-776BE23E51F1}.Debug|Any CPU.ActiveCfg = Debug|Any CPU
		{EBC73D8E-B2ED-4447-A700-776BE23E51F1}.Debug|Any CPU.Build.0 = Debug|Any CPU
		{EBC73D8E-B2ED-4447-A700-776BE23E51F1}.Release|Any CPU.ActiveCfg = Release|Any CPU
		{EBC73D8E-B2ED-4447-A700-776BE23E51F1}.Release|Any CPU.Build.0 = Release|Any CPU
		{F67E3AE7-A562-42A6-B12A-C1B3E9B78D51}.Debug|Any CPU.ActiveCfg = Debug|Any CPU
		{F67E3AE7-A562-42A6-B12A-C1B3E9B78D51}.Debug|Any CPU.Build.0 = Debug|Any CPU
		{F67E3AE7-A562-42A6-B12A-C1B3E9B78D51}.Release|Any CPU.ActiveCfg = Release|Any CPU
		{F67E3AE7-A562-42A6-B12A-C1B3E9B78D51}.Release|Any CPU.Build.0 = Release|Any CPU
		{95EA4848-E1EB-4FD4-AB8B-D07D9457E582}.Debug|Any CPU.ActiveCfg = Debug|Any CPU
		{95EA4848-E1EB-4FD4-AB8B-D07D9457E582}.Debug|Any CPU.Build.0 = Debug|Any CPU
		{95EA4848-E1EB-4FD4-AB8B-D07D9457E582}.Release|Any CPU.ActiveCfg = Release|Any CPU
		{95EA4848-E1EB-4FD4-AB8B-D07D9457E582}.Release|Any CPU.Build.0 = Release|Any CPU
	EndGlobalSection
	GlobalSection(SolutionProperties) = preSolution
		HideSolutionNode = FALSE
	EndGlobalSection
	GlobalSection(ExtensibilityGlobals) = postSolution
		SolutionGuid = {7AD9690A-59B9-427D-A3AA-930639912415}
	EndGlobalSection
EndGlobal
